
Microsoft Visual Studio Solution File, Format Version 12.00
# Visual Studio Version 16
VisualStudioVersion = 16.0.33027.164
MinimumVisualStudioVersion = 10.0.40219.1
Project("{FAE04EC0-301F-11D3-BF4B-00C04F79EFBC}") = "Wpf№2", "Wpf№2\Wpf№2.csproj", "{95E1BB5A-794D-400B-B878-4E155E203355}"
EndProject
Global
	GlobalSection(SolutionConfigurationPlatforms) = preSolution
		Debug|Any CPU = Debug|Any CPU
		Release|Any CPU = Release|Any CPU
	EndGlobalSection
	GlobalSection(ProjectConfigurationPlatforms) = postSolution
		{95E1BB5A-794D-400B-B878-4E155E203355}.Debug|Any CPU.ActiveCfg = Debug|Any CPU
		{95E1BB5A-794D-400B-B878-4E155E203355}.Debug|Any CPU.Build.0 = Debug|Any CPU
		{95E1BB5A-794D-400B-B878-4E155E203355}.Release|Any CPU.ActiveCfg = Release|Any CPU
		{95E1BB5A-794D-400B-B878-4E155E203355}.Release|Any CPU.Build.0 = Release|Any CPU
	EndGlobalSection
	GlobalSection(SolutionProperties) = preSolution
		HideSolutionNode = FALSE
	EndGlobalSection
	GlobalSection(ExtensibilityGlobals) = postSolution
		SolutionGuid = {4F334CFC-6E2F-4C74-8D25-1A39F22E16C0}
	EndGlobalSection
EndGlobal
